
Microsoft Visual Studio Solution File, Format Version 12.00
# Visual Studio Version 17
VisualStudioVersion = 17.0.31903.59
MinimumVisualStudioVersion = 10.0.40219.1
Project("{2150E333-8FDC-42A3-9474-1A3956D46DE8}") = "src", "src", "{827E0CD3-B72D-47B6-A68D-7590B98EB39B}"
EndProject
Project("{FAE04EC0-301F-11D3-BF4B-00C04F79EFBC}") = "AotKafka", "src\AotKafka\AotKafka.csproj", "{8CDEEEDF-0725-441B-B95C-B8FD0EE2D633}"
EndProject
Project("{FAE04EC0-301F-11D3-BF4B-00C04F79EFBC}") = "AotKafka.Core", "src\AotKafka.Core\AotKafka.Core.csproj", "{6631500C-04C8-47E9-9DE7-8ED5A07F616C}"
EndProject
Project("{FAE04EC0-301F-11D3-BF4B-00C04F79EFBC}") = "AotKafka.Native", "src\AotKafka.Native\AotKafka.Native.csproj", "{14E2BF52-6F3B-459D-AEEA-1EABA994E688}"
EndProject
Project("{2150E333-8FDC-42A3-9474-1A3956D46DE8}") = "tests", "tests", "{0AB3BF05-4346-4AA6-1389-037BE0695223}"
EndProject
Project("{FAE04EC0-301F-11D3-BF4B-00C04F79EFBC}") = "AotKafka.Tests", "tests\AotKafka.Tests\AotKafka.Tests.csproj", "{92FBEC2C-8C8D-4443-9EAE-848607FB3541}"
EndProject
Project("{FAE04EC0-301F-11D3-BF4B-00C04F79EFBC}") = "AotKafka.IntegrationTests", "tests\AotKafka.IntegrationTests\AotKafka.IntegrationTests.csproj", "{189F19A4-8454-4A88-915C-3EE6AC72C2F1}"
EndProject
Project("{2150E333-8FDC-42A3-9474-1A3956D46DE8}") = "samples", "samples", "{5D20AA90-6969-D8BD-9DCD-8634F4692FDA}"
EndProject
Project("{FAE04EC0-301F-11D3-BF4B-00C04F79EFBC}") = "AotKafka.AotSample", "samples\AotKafka.AotSample\AotKafka.AotSample.csproj", "{DC3A581F-EE82-45BD-941C-1582335A4B67}"
EndProject
Global
	GlobalSection(SolutionConfigurationPlatforms) = preSolution
		Debug|Any CPU = Debug|Any CPU
		Debug|x64 = Debug|x64
		Debug|x86 = Debug|x86
		Release|Any CPU = Release|Any CPU
		Release|x64 = Release|x64
		Release|x86 = Release|x86
	EndGlobalSection
	GlobalSection(ProjectConfigurationPlatforms) = postSolution
		{8CDEEEDF-0725-441B-B95C-B8FD0EE2D633}.Debug|Any CPU.ActiveCfg = Debug|Any CPU
		{8CDEEEDF-0725-441B-B95C-B8FD0EE2D633}.Debug|Any CPU.Build.0 = Debug|Any CPU
		{8CDEEEDF-0725-441B-B95C-B8FD0EE2D633}.Debug|x64.ActiveCfg = Debug|Any CPU
		{8CDEEEDF-0725-441B-B95C-B8FD0EE2D633}.Debug|x64.Build.0 = Debug|Any CPU
		{8CDEEEDF-0725-441B-B95C-B8FD0EE2D633}.Debug|x86.ActiveCfg = Debug|Any CPU
		{8CDEEEDF-0725-441B-B95C-B8FD0EE2D633}.Debug|x86.Build.0 = Debug|Any CPU
		{8CDEEEDF-0725-441B-B95C-B8FD0EE2D633}.Release|Any CPU.ActiveCfg = Release|Any CPU
		{8CDEEEDF-0725-441B-B95C-B8FD0EE2D633}.Release|Any CPU.Build.0 = Release|Any CPU
		{8CDEEEDF-0725-441B-B95C-B8FD0EE2D633}.Release|x64.ActiveCfg = Release|Any CPU
		{8CDEEEDF-0725-441B-B95C-B8FD0EE2D633}.Release|x64.Build.0 = Release|Any CPU
		{8CDEEEDF-0725-441B-B95C-B8FD0EE2D633}.Release|x86.ActiveCfg = Release|Any CPU
		{8CDEEEDF-0725-441B-B95C-B8FD0EE2D633}.Release|x86.Build.0 = Release|Any CPU
		{6631500C-04C8-47E9-9DE7-8ED5A07F616C}.Debug|Any CPU.ActiveCfg = Debug|Any CPU
		{6631500C-04C8-47E9-9DE7-8ED5A07F616C}.Debug|Any CPU.Build.0 = Debug|Any CPU
		{6631500C-04C8-47E9-9DE7-8ED5A07F616C}.Debug|x64.ActiveCfg = Debug|Any CPU
		{6631500C-04C8-47E9-9DE7-8ED5A07F616C}.Debug|x64.Build.0 = Debug|Any CPU
		{6631500C-04C8-47E9-9DE7-8ED5A07F616C}.Debug|x86.ActiveCfg = Debug|Any CPU
		{6631500C-04C8-47E9-9DE7-8ED5A07F616C}.Debug|x86.Build.0 = Debug|Any CPU
		{6631500C-04C8-47E9-9DE7-8ED5A07F616C}.Release|Any CPU.ActiveCfg = Release|Any CPU
		{6631500C-04C8-47E9-9DE7-8ED5A07F616C}.Release|Any CPU.Build.0 = Release|Any CPU
		{6631500C-04C8-47E9-9DE7-8ED5A07F616C}.Release|x64.ActiveCfg = Release|Any CPU
		{6631500C-04C8-47E9-9DE7-8ED5A07F616C}.Release|x64.Build.0 = Release|Any CPU
		{6631500C-04C8-47E9-9DE7-8ED5A07F616C}.Release|x86.ActiveCfg = Release|Any CPU
		{6631500C-04C8-47E9-9DE7-8ED5A07F616C}.Release|x86.Build.0 = Release|Any CPU
		{14E2BF52-6F3B-459D-AEEA-1EABA994E688}.Debug|Any CPU.ActiveCfg = Debug|Any CPU
		{14E2BF52-6F3B-459D-AEEA-1EABA994E688}.Debug|Any CPU.Build.0 = Debug|Any CPU
		{14E2BF52-6F3B-459D-AEEA-1EABA994E688}.Debug|x64.ActiveCfg = Debug|Any CPU
		{14E2BF52-6F3B-459D-AEEA-1EABA994E688}.Debug|x64.Build.0 = Debug|Any CPU
		{14E2BF52-6F3B-459D-AEEA-1EABA994E688}.Debug|x86.ActiveCfg = Debug|Any CPU
		{14E2BF52-6F3B-459D-AEEA-1EABA994E688}.Debug|x86.Build.0 = Debug|Any CPU
		{14E2BF52-6F3B-459D-AEEA-1EABA994E688}.Release|Any CPU.ActiveCfg = Release|Any CPU
		{14E2BF52-6F3B-459D-AEEA-1EABA994E688}.Release|Any CPU.Build.0 = Release|Any CPU
		{14E2BF52-6F3B-459D-AEEA-1EABA994E688}.Release|x64.ActiveCfg = Release|Any CPU
		{14E2BF52-6F3B-459D-AEEA-1EABA994E688}.Release|x64.Build.0 = Release|Any CPU
		{14E2BF52-6F3B-459D-AEEA-1EABA994E688}.Release|x86.ActiveCfg = Release|Any CPU
		{14E2BF52-6F3B-459D-AEEA-1EABA994E688}.Release|x86.Build.0 = Release|Any CPU
		{92FBEC2C-8C8D-4443-9EAE-848607FB3541}.Debug|Any CPU.ActiveCfg = Debug|Any CPU
		{92FBEC2C-8C8D-4443-9EAE-848607FB3541}.Debug|Any CPU.Build.0 = Debug|Any CPU
		{92FBEC2C-8C8D-4443-9EAE-848607FB3541}.Debug|x64.ActiveCfg = Debug|Any CPU
		{92FBEC2C-8C8D-4443-9EAE-848607FB3541}.Debug|x64.Build.0 = Debug|Any CPU
		{92FBEC2C-8C8D-4443-9EAE-848607FB3541}.Debug|x86.ActiveCfg = Debug|Any CPU
		{92FBEC2C-8C8D-4443-9EAE-848607FB3541}.Debug|x86.Build.0 = Debug|Any CPU
		{92FBEC2C-8C8D-4443-9EAE-848607FB3541}.Release|Any CPU.ActiveCfg = Release|Any CPU
		{92FBEC2C-8C8D-4443-9EAE-848607FB3541}.Release|Any CPU.Build.0 = Release|Any CPU
		{92FBEC2C-8C8D-4443-9EAE-848607FB3541}.Release|x64.ActiveCfg = Release|Any CPU
		{92FBEC2C-8C8D-4443-9EAE-848607FB3541}.Release|x64.Build.0 = Release|Any CPU
		{92FBEC2C-8C8D-4443-9EAE-848607FB3541}.Release|x86.ActiveCfg = Release|Any CPU
		{92FBEC2C-8C8D-4443-9EAE-848607FB3541}.Release|x86.Build.0 = Release|Any CPU
		{189F19A4-8454-4A88-915C-3EE6AC72C2F1}.Debug|Any CPU.ActiveCfg = Debug|Any CPU
		{189F19A4-8454-4A88-915C-3EE6AC72C2F1}.Debug|Any CPU.Build.0 = Debug|Any CPU
		{189F19A4-8454-4A88-915C-3EE6AC72C2F1}.Debug|x64.ActiveCfg = Debug|Any CPU
		{189F19A4-8454-4A88-915C-3EE6AC72C2F1}.Debug|x64.Build.0 = Debug|Any CPU
		{189F19A4-8454-4A88-915C-3EE6AC72C2F1}.Debug|x86.ActiveCfg = Debug|Any CPU
		{189F19A4-8454-4A88-915C-3EE6AC72C2F1}.Debug|x86.Build.0 = Debug|Any CPU
		{189F19A4-8454-4A88-915C-3EE6AC72C2F1}.Release|Any CPU.ActiveCfg = Release|Any CPU
		{189F19A4-8454-4A88-915C-3EE6AC72C2F1}.Release|Any CPU.Build.0 = Release|Any CPU
		{189F19A4-8454-4A88-915C-3EE6AC72C2F1}.Release|x64.ActiveCfg = Release|Any CPU
		{189F19A4-8454-4A88-915C-3EE6AC72C2F1}.Release|x64.Build.0 = Release|Any CPU
		{189F19A4-8454-4A88-915C-3EE6AC72C2F1}.Release|x86.ActiveCfg = Release|Any CPU
		{189F19A4-8454-4A88-915C-3EE6AC72C2F1}.Release|x86.Build.0 = Release|Any CPU
		{DC3A581F-EE82-45BD-941C-1582335A4B67}.Debug|Any CPU.ActiveCfg = Debug|Any CPU
		{DC3A581F-EE82-45BD-941C-1582335A4B67}.Debug|Any CPU.Build.0 = Debug|Any CPU
		{DC3A581F-EE82-45BD-941C-1582335A4B67}.Debug|x64.ActiveCfg = Debug|Any CPU
		{DC3A581F-EE82-45BD-941C-1582335A4B67}.Debug|x64.Build.0 = Debug|Any CPU
		{DC3A581F-EE82-45BD-941C-1582335A4B67}.Debug|x86.ActiveCfg = Debug|Any CPU
		{DC3A581F-EE82-45BD-941C-1582335A4B67}.Debug|x86.Build.0 = Debug|Any CPU
		{DC3A581F-EE82-45BD-941C-1582335A4B67}.Release|Any CPU.ActiveCfg = Release|Any CPU
		{DC3A581F-EE82-45BD-941C-1582335A4B67}.Release|Any CPU.Build.0 = Release|Any CPU
		{DC3A581F-EE82-45BD-941C-1582335A4B67}.Release|x64.ActiveCfg = Release|Any CPU
		{DC3A581F-EE82-45BD-941C-1582335A4B67}.Release|x64.Build.0 = Release|Any CPU
		{DC3A581F-EE82-45BD-941C-1582335A4B67}.Release|x86.ActiveCfg = Release|Any CPU
		{DC3A581F-EE82-45BD-941C-1582335A4B67}.Release|x86.Build.0 = Release|Any CPU
	EndGlobalSection
	GlobalSection(SolutionProperties) = preSolution
		HideSolutionNode = FALSE
	EndGlobalSection
	GlobalSection(NestedProjects) = preSolution
		{8CDEEEDF-0725-441B-B95C-B8FD0EE2D633} = {827E0CD3-B72D-47B6-A68D-7590B98EB39B}
		{6631500C-04C8-47E9-9DE7-8ED5A07F616C} = {827E0CD3-B72D-47B6-A68D-7590B98EB39B}
		{14E2BF52-6F3B-459D-AEEA-1EABA994E688} = {827E0CD3-B72D-47B6-A68D-7590B98EB39B}
		{92FBEC2C-8C8D-4443-9EAE-848607FB3541} = {0AB3BF05-4346-4AA6-1389-037BE0695223}
		{189F19A4-8454-4A88-915C-3EE6AC72C2F1} = {0AB3BF05-4346-4AA6-1389-037BE0695223}
		{DC3A581F-EE82-45BD-941C-1582335A4B67} = {5D20AA90-6969-D8BD-9DCD-8634F4692FDA}
	EndGlobalSection
EndGlobal
